
Microsoft Visual Studio Solution File, Format Version 12.00
# Visual Studio Version 16
VisualStudioVersion = 16.0.31320.298
MinimumVisualStudioVersion = 10.0.40219.1
Project("{FAE04EC0-301F-11D3-BF4B-00C04F79EFBC}") = "DrugProductDatabase", "DrugProductDatabase\DrugProductDatabase.csproj", "{132890D9-EB9E-4691-8791-12A16E5A4F48}"
EndProject
Project("{FAE04EC0-301F-11D3-BF4B-00C04F79EFBC}") = "DrugProductDatabaseTest", "DrugProductDatabaseTest\DrugProductDatabaseTest.csproj", "{34EBA9DA-29B5-44C2-953D-91020648D83A}"
EndProject
Global
	GlobalSection(SolutionConfigurationPlatforms) = preSolution
		Debug|Any CPU = Debug|Any CPU
		Release|Any CPU = Release|Any CPU
	EndGlobalSection
	GlobalSection(ProjectConfigurationPlatforms) = postSolution
		{132890D9-EB9E-4691-8791-12A16E5A4F48}.Debug|Any CPU.ActiveCfg = Debug|Any CPU
		{132890D9-EB9E-4691-8791-12A16E5A4F48}.Debug|Any CPU.Build.0 = Debug|Any CPU
		{132890D9-EB9E-4691-8791-12A16E5A4F48}.Release|Any CPU.ActiveCfg = Release|Any CPU
		{132890D9-EB9E-4691-8791-12A16E5A4F48}.Release|Any CPU.Build.0 = Release|Any CPU
		{34EBA9DA-29B5-44C2-953D-91020648D83A}.Debug|Any CPU.ActiveCfg = Debug|Any CPU
		{34EBA9DA-29B5-44C2-953D-91020648D83A}.Debug|Any CPU.Build.0 = Debug|Any CPU
		{34EBA9DA-29B5-44C2-953D-91020648D83A}.Release|Any CPU.ActiveCfg = Release|Any CPU
		{34EBA9DA-29B5-44C2-953D-91020648D83A}.Release|Any CPU.Build.0 = Release|Any CPU
	EndGlobalSection
	GlobalSection(SolutionProperties) = preSolution
		HideSolutionNode = FALSE
	EndGlobalSection
	GlobalSection(ExtensibilityGlobals) = postSolution
		SolutionGuid = {63688A86-AE82-49BE-9560-D7C810BFAE56}
	EndGlobalSection
EndGlobal
